
Microsoft Visual Studio Solution File, Format Version 12.00
# Visual Studio Version 17
VisualStudioVersion = 17.8.34408.163
MinimumVisualStudioVersion = 10.0.40219.1
Project("{FAE04EC0-301F-11D3-BF4B-00C04F79EFBC}") = "Aplikasi_Parkir", "Aplikasi_Kasir\Aplikasi_Parkir.csproj", "{0BFD29A6-620B-42EB-B68F-8AD470725477}"
EndProject
Global
	GlobalSection(SolutionConfigurationPlatforms) = preSolution
		Debug|Any CPU = Debug|Any CPU
		Release|Any CPU = Release|Any CPU
	EndGlobalSection
	GlobalSection(ProjectConfigurationPlatforms) = postSolution
		{0BFD29A6-620B-42EB-B68F-8AD470725477}.Debug|Any CPU.ActiveCfg = Debug|Any CPU
		{0BFD29A6-620B-42EB-B68F-8AD470725477}.Debug|Any CPU.Build.0 = Debug|Any CPU
		{0BFD29A6-620B-42EB-B68F-8AD470725477}.Release|Any CPU.ActiveCfg = Release|Any CPU
		{0BFD29A6-620B-42EB-B68F-8AD470725477}.Release|Any CPU.Build.0 = Release|Any CPU
	EndGlobalSection
	GlobalSection(SolutionProperties) = preSolution
		HideSolutionNode = FALSE
	EndGlobalSection
	GlobalSection(ExtensibilityGlobals) = postSolution
		SolutionGuid = {3AB814FE-DE5A-4484-BAEF-1ADA10FA0B6E}
	EndGlobalSection
EndGlobal
